
Microsoft Visual Studio Solution File, Format Version 12.00
# Visual Studio Version 16
VisualStudioVersion = 16.0.30503.244
MinimumVisualStudioVersion = 10.0.40219.1
Project("{FAE04EC0-301F-11D3-BF4B-00C04F79EFBC}") = "DeweyDecimalApp", "DeweyDecimalApp\DeweyDecimalApp.csproj", "{5AE180D8-0493-4DFE-8914-4F9014BD1389}"
EndProject
Global
	GlobalSection(SolutionConfigurationPlatforms) = preSolution
		Debug|Any CPU = Debug|Any CPU
		Release|Any CPU = Release|Any CPU
	EndGlobalSection
	GlobalSection(ProjectConfigurationPlatforms) = postSolution
		{5AE180D8-0493-4DFE-8914-4F9014BD1389}.Debug|Any CPU.ActiveCfg = Debug|Any CPU
		{5AE180D8-0493-4DFE-8914-4F9014BD1389}.Debug|Any CPU.Build.0 = Debug|Any CPU
		{5AE180D8-0493-4DFE-8914-4F9014BD1389}.Release|Any CPU.ActiveCfg = Release|Any CPU
		{5AE180D8-0493-4DFE-8914-4F9014BD1389}.Release|Any CPU.Build.0 = Release|Any CPU
	EndGlobalSection
	GlobalSection(SolutionProperties) = preSolution
		HideSolutionNode = FALSE
	EndGlobalSection
	GlobalSection(ExtensibilityGlobals) = postSolution
		SolutionGuid = {2BD0BF13-8C75-40D9-A2B1-3CC982343D0A}
	EndGlobalSection
EndGlobal
